// !$*UTF8*$!
{
	archiveVersion = 1;
	classes = {
	};
	objectVersion = 48;
	objects = {

/* Begin PBXBuildFile section */
		6469E5141FCFA81F00D91357 /* RNSangforVpn.m in Sources */ = {isa = PBXBuildFile; fileRef = 6469E5131FCFA81F00D91357 /* RNSangforVpn.m */; };
		6469E5151FCFA81F00D91357 /* RNSangforVpn.h in CopyFiles */ = {isa = PBXBuildFile; fileRef = 6469E5121FCFA81F00D91357 /* RNSangforVpn.h */; };
		6469E5281FCFA86500D91357 /* libSangforSdk.a in Frameworks */ = {isa = PBXBuildFile; fileRef = 6469E5271FCFA86500D91357 /* libSangforSdk.a */; };
		64864D941FE7810B00966D50 /* RCTConvert+SangforVpn.m in Sources */ = {isa = PBXBuildFile; fileRef = 64864D931FE7810B00966D50 /* RCTConvert+SangforVpn.m */; };
/* End PBXBuildFile section */

/* Begin PBXContainerItemProxy section */
		6469E56A1FCFA9D200D91357 /* PBXContainerItemProxy */ = {
			isa = PBXContainerItemProxy;
			containerPortal = 6469E5591FCFA9D200D91357 /* React.xcodeproj */;
			proxyType = 2;
			remoteGlobalIDString = 83CBBA2E1A601D0E00E9B192;
			remoteInfo = React;
		};
		6469E56C1FCFA9D200D91357 /* PBXContainerItemProxy */ = {
			isa = PBXContainerItemProxy;
			containerPortal = 6469E5591FCFA9D200D91357 /* React.xcodeproj */;
			proxyType = 2;
			remoteGlobalIDString = 2D2A28131D9B038B00D4039D;
			remoteInfo = "React-tvOS";
		};
		6469E56E1FCFA9D200D91357 /* PBXContainerItemProxy */ = {
			isa = PBXContainerItemProxy;
			containerPortal = 6469E5591FCFA9D200D91357 /* React.xcodeproj */;
			proxyType = 2;
			remoteGlobalIDString = 3D3C059A1DE3340900C268FA;
			remoteInfo = yoga;
		};
		6469E5701FCFA9D200D91357 /* PBXContainerItemProxy */ = {
			isa = PBXContainerItemProxy;
			containerPortal = 6469E5591FCFA9D200D91357 /* React.xcodeproj */;
			proxyType = 2;
			remoteGlobalIDString = 3D3C06751DE3340C00C268FA;
			remoteInfo = "yoga-tvOS";
		};
		6469E5721FCFA9D200D91357 /* PBXContainerItemProxy */ = {
			isa = PBXContainerItemProxy;
			containerPortal = 6469E5591FCFA9D200D91357 /* React.xcodeproj */;
			proxyType = 2;
			remoteGlobalIDString = 3D3CD9251DE5FBEC00167DC4;
			remoteInfo = cxxreact;
		};
		6469E5741FCFA9D200D91357 /* PBXContainerItemProxy */ = {
			isa = PBXContainerItemProxy;
			containerPortal = 6469E5591FCFA9D200D91357 /* React.xcodeproj */;
			proxyType = 2;
			remoteGlobalIDString = 3D3CD9321DE5FBEE00167DC4;
			remoteInfo = "cxxreact-tvOS";
		};
		6469E5761FCFA9D200D91357 /* PBXContainerItemProxy */ = {
			isa = PBXContainerItemProxy;
			containerPortal = 6469E5591FCFA9D200D91357 /* React.xcodeproj */;
			proxyType = 2;
			remoteGlobalIDString = 3D3CD90B1DE5FBD600167DC4;
			remoteInfo = jschelpers;
		};
		6469E5781FCFA9D200D91357 /* PBXContainerItemProxy */ = {
			isa = PBXContainerItemProxy;
			containerPortal = 6469E5591FCFA9D200D91357 /* React.xcodeproj */;
			proxyType = 2;
			remoteGlobalIDString = 3D3CD9181DE5FBD800167DC4;
			remoteInfo = "jschelpers-tvOS";
		};
		6469E57A1FCFA9D200D91357 /* PBXContainerItemProxy */ = {
			isa = PBXContainerItemProxy;
			containerPortal = 6469E5591FCFA9D200D91357 /* React.xcodeproj */;
			proxyType = 2;
			remoteGlobalIDString = 139D7ECE1E25DB7D00323FB7;
			remoteInfo = "third-party";
		};
		6469E57C1FCFA9D200D91357 /* PBXContainerItemProxy */ = {
			isa = PBXContainerItemProxy;
			containerPortal = 6469E5591FCFA9D200D91357 /* React.xcodeproj */;
			proxyType = 2;
			remoteGlobalIDString = 3D383D3C1EBD27B6005632C8;
			remoteInfo = "third-party-tvOS";
		};
		6469E57E1FCFA9D200D91357 /* PBXContainerItemProxy */ = {
			isa = PBXContainerItemProxy;
			containerPortal = 6469E5591FCFA9D200D91357 /* React.xcodeproj */;
			proxyType = 2;
			remoteGlobalIDString = 139D7E881E25C6D100323FB7;
			remoteInfo = "double-conversion";
		};
		6469E5801FCFA9D200D91357 /* PBXContainerItemProxy */ = {
			isa = PBXContainerItemProxy;
			containerPortal = 6469E5591FCFA9D200D91357 /* React.xcodeproj */;
			proxyType = 2;
			remoteGlobalIDString = 3D383D621EBD27B9005632C8;
			remoteInfo = "double-conversion-tvOS";
		};
		6469E5821FCFA9D200D91357 /* PBXContainerItemProxy */ = {
			isa = PBXContainerItemProxy;
			containerPortal = 6469E5591FCFA9D200D91357 /* React.xcodeproj */;
			proxyType = 2;
			remoteGlobalIDString = 9936F3131F5F2E4B0010BF04;
			remoteInfo = privatedata;
		};
		6469E5841FCFA9D200D91357 /* PBXContainerItemProxy */ = {
			isa = PBXContainerItemProxy;
			containerPortal = 6469E5591FCFA9D200D91357 /* React.xcodeproj */;
			proxyType = 2;
			remoteGlobalIDString = 9936F32F1F5F2E5B0010BF04;
			remoteInfo = "privatedata-tvOS";
		};
		6469E5881FCFABEF00D91357 /* PBXContainerItemProxy */ = {
			isa = PBXContainerItemProxy;
			containerPortal = 6469E5591FCFA9D200D91357 /* React.xcodeproj */;
			proxyType = 1;
			remoteGlobalIDString = 83CBBA2D1A601D0E00E9B192;
			remoteInfo = React;
		};
		6469E60B1FCFB75600D91357 /* PBXContainerItemProxy */ = {
			isa = PBXContainerItemProxy;
			containerPortal = 6469E5591FCFA9D200D91357 /* React.xcodeproj */;
			proxyType = 2;
			remoteGlobalIDString = EBF21BDC1FC498900052F4D5;
			remoteInfo = jsinspector;
		};
		6469E60D1FCFB75600D91357 /* PBXContainerItemProxy */ = {
			isa = PBXContainerItemProxy;
			containerPortal = 6469E5591FCFA9D200D91357 /* React.xcodeproj */;
			proxyType = 2;
			remoteGlobalIDString = EBF21BFA1FC4989A0052F4D5;
			remoteInfo = "jsinspector-tvOS";
		};
/* End PBXContainerItemProxy section */

/* Begin PBXCopyFilesBuildPhase section */
		6469E50D1FCFA81F00D91357 /* CopyFiles */ = {
			isa = PBXCopyFilesBuildPhase;
			buildActionMask = 2147483647;
			dstPath = "include/$(PRODUCT_NAME)";
			dstSubfolderSpec = 16;
			files = (
				6469E5151FCFA81F00D91357 /* RNSangforVpn.h in CopyFiles */,
			);
			runOnlyForDeploymentPostprocessing = 0;
		};
/* End PBXCopyFilesBuildPhase section */

/* Begin PBXFileReference section */
		6469E50F1FCFA81F00D91357 /* libRNSangforVpn.a */ = {isa = PBXFileReference; explicitFileType = archive.ar; includeInIndex = 0; path = libRNSangforVpn.a; sourceTree = BUILT_PRODUCTS_DIR; };
		6469E5121FCFA81F00D91357 /* RNSangforVpn.h */ = {isa = PBXFileReference; lastKnownFileType = sourcecode.c.h; path = RNSangforVpn.h; sourceTree = "<group>"; };
		6469E5131FCFA81F00D91357 /* RNSangforVpn.m */ = {isa = PBXFileReference; lastKnownFileType = sourcecode.c.objc; path = RNSangforVpn.m; sourceTree = "<group>"; };
		6469E5271FCFA86500D91357 /* libSangforSdk.a */ = {isa = PBXFileReference; lastKnownFileType = archive.ar; path = libSangforSdk.a; sourceTree = "<group>"; };
		6469E5591FCFA9D200D91357 /* React.xcodeproj */ = {isa = PBXFileReference; lastKnownFileType = "wrapper.pb-project"; name = React.xcodeproj; path = "../../../../../workspace/react-native/React/React.xcodeproj"; sourceTree = "<group>"; };
		6469E61E1FCFBC4900D91357 /* AdSupport.framework */ = {isa = PBXFileReference; lastKnownFileType = wrapper.framework; name = AdSupport.framework; path = System/Library/Frameworks/AdSupport.framework; sourceTree = SDKROOT; };
		6469E6201FCFBCAF00D91357 /* NetworkExtension.framework */ = {isa = PBXFileReference; lastKnownFileType = wrapper.framework; name = NetworkExtension.framework; path = System/Library/Frameworks/NetworkExtension.framework; sourceTree = SDKROOT; };
		647073AD20C68EC900E73357 /* SangforAuthManager.h */ = {isa = PBXFileReference; fileEncoding = 4; lastKnownFileType = sourcecode.c.h; path = SangforAuthManager.h; sourceTree = "<group>"; };
		647073BD20C68ECA00E73357 /* SangforAuthHeader.h */ = {isa = PBXFileReference; fileEncoding = 4; lastKnownFileType = sourcecode.c.h; path = SangforAuthHeader.h; sourceTree = "<group>"; };
		64864D921FE7810B00966D50 /* RCTConvert+SangforVpn.h */ = {isa = PBXFileReference; lastKnownFileType = sourcecode.c.h; path = "RCTConvert+SangforVpn.h"; sourceTree = "<group>"; };
		64864D931FE7810B00966D50 /* RCTConvert+SangforVpn.m */ = {isa = PBXFileReference; lastKnownFileType = sourcecode.c.objc; path = "RCTConvert+SangforVpn.m"; sourceTree = "<group>"; };
		64F4C5FE215F61B000652D22 /* errheader.h */ = {isa = PBXFileReference; fileEncoding = 4; lastKnownFileType = sourcecode.c.h; path = errheader.h; sourceTree = "<group>"; };
/* End PBXFileReference section */

/* Begin PBXFrameworksBuildPhase section */
		6469E50C1FCFA81F00D91357 /* Frameworks */ = {
			isa = PBXFrameworksBuildPhase;
			buildActionMask = 2147483647;
			files = (
				6469E5281FCFA86500D91357 /* libSangforSdk.a in Frameworks */,
			);
			runOnlyForDeploymentPostprocessing = 0;
		};
/* End PBXFrameworksBuildPhase section */

/* Begin PBXGroup section */
		6469E5061FCFA81F00D91357 = {
			isa = PBXGroup;
			children = (
				6469E51C1FCFA83C00D91357 /* SangforSdk */,
				6469E5111FCFA81F00D91357 /* RNSangforVpn */,
				6469E5101FCFA81F00D91357 /* Products */,
				6469E5261FCFA86500D91357 /* Frameworks */,
			);
			sourceTree = "<group>";
		};
		6469E5101FCFA81F00D91357 /* Products */ = {
			isa = PBXGroup;
			children = (
				6469E50F1FCFA81F00D91357 /* libRNSangforVpn.a */,
			);
			name = Products;
			sourceTree = "<group>";
		};
		6469E5111FCFA81F00D91357 /* RNSangforVpn */ = {
			isa = PBXGroup;
			children = (
				6469E5121FCFA81F00D91357 /* RNSangforVpn.h */,
				6469E5131FCFA81F00D91357 /* RNSangforVpn.m */,
				64864D921FE7810B00966D50 /* RCTConvert+SangforVpn.h */,
				64864D931FE7810B00966D50 /* RCTConvert+SangforVpn.m */,
			);
			path = RNSangforVpn;
			sourceTree = "<group>";
		};
		6469E51C1FCFA83C00D91357 /* SangforSdk */ = {
			isa = PBXGroup;
			children = (
				64F4C5FE215F61B000652D22 /* errheader.h */,
				647073BD20C68ECA00E73357 /* SangforAuthHeader.h */,
				647073AD20C68EC900E73357 /* SangforAuthManager.h */,
			);
			path = SangforSdk;
			sourceTree = "<group>";
		};
		6469E5261FCFA86500D91357 /* Frameworks */ = {
			isa = PBXGroup;
			children = (
				6469E6201FCFBCAF00D91357 /* NetworkExtension.framework */,
				6469E61E1FCFBC4900D91357 /* AdSupport.framework */,
				6469E5591FCFA9D200D91357 /* React.xcodeproj */,
				6469E5271FCFA86500D91357 /* libSangforSdk.a */,
			);
			name = Frameworks;
			sourceTree = "<group>";
		};
		6469E55A1FCFA9D200D91357 /* Products */ = {
			isa = PBXGroup;
			children = (
				6469E56B1FCFA9D200D91357 /* libReact.a */,
				6469E56D1FCFA9D200D91357 /* libReact.a */,
				6469E56F1FCFA9D200D91357 /* libyoga.a */,
				6469E5711FCFA9D200D91357 /* libyoga.a */,
				6469E5731FCFA9D200D91357 /* libcxxreact.a */,
				6469E5751FCFA9D200D91357 /* libcxxreact.a */,
				6469E5771FCFA9D200D91357 /* libjschelpers.a */,
				6469E5791FCFA9D200D91357 /* libjschelpers.a */,
				6469E60C1FCFB75600D91357 /* libjsinspector.a */,
				6469E60E1FCFB75600D91357 /* libjsinspector-tvOS.a */,
				6469E57B1FCFA9D200D91357 /* libthird-party.a */,
				6469E57D1FCFA9D200D91357 /* libthird-party.a */,
				6469E57F1FCFA9D200D91357 /* libdouble-conversion.a */,
				6469E5811FCFA9D200D91357 /* libdouble-conversion.a */,
				6469E5831FCFA9D200D91357 /* libprivatedata.a */,
				6469E5851FCFA9D200D91357 /* libprivatedata-tvOS.a */,
			);
			name = Products;
			sourceTree = "<group>";
		};
/* End PBXGroup section */

/* Begin PBXNativeTarget section */
		6469E50E1FCFA81F00D91357 /* RNSangforVpn */ = {
			isa = PBXNativeTarget;
			buildConfigurationList = 6469E5181FCFA81F00D91357 /* Build configuration list for PBXNativeTarget "RNSangforVpn" */;
			buildPhases = (
				6469E50B1FCFA81F00D91357 /* Sources */,
				6469E50C1FCFA81F00D91357 /* Frameworks */,
				6469E50D1FCFA81F00D91357 /* CopyFiles */,
			);
			buildRules = (
			);
			dependencies = (
				6469E5891FCFABEF00D91357 /* PBXTargetDependency */,
			);
			name = RNSangforVpn;
			productName = RNSangforVpn;
			productReference = 6469E50F1FCFA81F00D91357 /* libRNSangforVpn.a */;
			productType = "com.apple.product-type.library.static";
		};
/* End PBXNativeTarget section */

/* Begin PBXProject section */
		6469E5071FCFA81F00D91357 /* Project object */ = {
			isa = PBXProject;
			attributes = {
				LastUpgradeCheck = 0910;
				ORGANIZATIONNAME = "Johnny iDay";
				TargetAttributes = {
					6469E50E1FCFA81F00D91357 = {
						CreatedOnToolsVersion = 9.1;
						ProvisioningStyle = Automatic;
					};
				};
			};
			buildConfigurationList = 6469E50A1FCFA81F00D91357 /* Build configuration list for PBXProject "RNSangforVpn" */;
			compatibilityVersion = "Xcode 8.0";
			developmentRegion = en;
			hasScannedForEncodings = 0;
			knownRegions = (
				en,
			);
			mainGroup = 6469E5061FCFA81F00D91357;
			productRefGroup = 6469E5101FCFA81F00D91357 /* Products */;
			projectDirPath = "";
			projectReferences = (
				{
					ProductGroup = 6469E55A1FCFA9D200D91357 /* Products */;
					ProjectRef = 6469E5591FCFA9D200D91357 /* React.xcodeproj */;
				},
			);
			projectRoot = "";
			targets = (
				6469E50E1FCFA81F00D91357 /* RNSangforVpn */,
			);
		};
/* End PBXProject section */

/* Begin PBXReferenceProxy section */
		6469E56B1FCFA9D200D91357 /* libReact.a */ = {
			isa = PBXReferenceProxy;
			fileType = archive.ar;
			path = libReact.a;
			remoteRef = 6469E56A1FCFA9D200D91357 /* PBXContainerItemProxy */;
			sourceTree = BUILT_PRODUCTS_DIR;
		};
		6469E56D1FCFA9D200D91357 /* libReact.a */ = {
			isa = PBXReferenceProxy;
			fileType = archive.ar;
			path = libReact.a;
			remoteRef = 6469E56C1FCFA9D200D91357 /* PBXContainerItemProxy */;
			sourceTree = BUILT_PRODUCTS_DIR;
		};
		6469E56F1FCFA9D200D91357 /* libyoga.a */ = {
			isa = PBXReferenceProxy;
			fileType = archive.ar;
			path = libyoga.a;
			remoteRef = 6469E56E1FCFA9D200D91357 /* PBXContainerItemProxy */;
			sourceTree = BUILT_PRODUCTS_DIR;
		};
		6469E5711FCFA9D200D91357 /* libyoga.a */ = {
			isa = PBXReferenceProxy;
			fileType = archive.ar;
			path = libyoga.a;
			remoteRef = 6469E5701FCFA9D200D91357 /* PBXContainerItemProxy */;
			sourceTree = BUILT_PRODUCTS_DIR;
		};
		6469E5731FCFA9D200D91357 /* libcxxreact.a */ = {
			isa = PBXReferenceProxy;
			fileType = archive.ar;
			path = libcxxreact.a;
			remoteRef = 6469E5721FCFA9D200D91357 /* PBXContainerItemProxy */;
			sourceTree = BUILT_PRODUCTS_DIR;
		};
		6469E5751FCFA9D200D91357 /* libcxxreact.a */ = {
			isa = PBXReferenceProxy;
			fileType = archive.ar;
			path = libcxxreact.a;
			remoteRef = 6469E5741FCFA9D200D91357 /* PBXContainerItemProxy */;
			sourceTree = BUILT_PRODUCTS_DIR;
		};
		6469E5771FCFA9D200D91357 /* libjschelpers.a */ = {
			isa = PBXReferenceProxy;
			fileType = archive.ar;
			path = libjschelpers.a;
			remoteRef = 6469E5761FCFA9D200D91357 /* PBXContainerItemProxy */;
			sourceTree = BUILT_PRODUCTS_DIR;
		};
		6469E5791FCFA9D200D91357 /* libjschelpers.a */ = {
			isa = PBXReferenceProxy;
			fileType = archive.ar;
			path = libjschelpers.a;
			remoteRef = 6469E5781FCFA9D200D91357 /* PBXContainerItemProxy */;
			sourceTree = BUILT_PRODUCTS_DIR;
		};
		6469E57B1FCFA9D200D91357 /* libthird-party.a */ = {
			isa = PBXReferenceProxy;
			fileType = archive.ar;
			path = "libthird-party.a";
			remoteRef = 6469E57A1FCFA9D200D91357 /* PBXContainerItemProxy */;
			sourceTree = BUILT_PRODUCTS_DIR;
		};
		6469E57D1FCFA9D200D91357 /* libthird-party.a */ = {
			isa = PBXReferenceProxy;
			fileType = archive.ar;
			path = "libthird-party.a";
			remoteRef = 6469E57C1FCFA9D200D91357 /* PBXContainerItemProxy */;
			sourceTree = BUILT_PRODUCTS_DIR;
		};
		6469E57F1FCFA9D200D91357 /* libdouble-conversion.a */ = {
			isa = PBXReferenceProxy;
			fileType = archive.ar;
			path = "libdouble-conversion.a";
			remoteRef = 6469E57E1FCFA9D200D91357 /* PBXContainerItemProxy */;
			sourceTree = BUILT_PRODUCTS_DIR;
		};
		6469E5811FCFA9D200D91357 /* libdouble-conversion.a */ = {
			isa = PBXReferenceProxy;
			fileType = archive.ar;
			path = "libdouble-conversion.a";
			remoteRef = 6469E5801FCFA9D200D91357 /* PBXContainerItemProxy */;
			sourceTree = BUILT_PRODUCTS_DIR;
		};
		6469E5831FCFA9D200D91357 /* libprivatedata.a */ = {
			isa = PBXReferenceProxy;
			fileType = archive.ar;
			path = libprivatedata.a;
			remoteRef = 6469E5821FCFA9D200D91357 /* PBXContainerItemProxy */;
			sourceTree = BUILT_PRODUCTS_DIR;
		};
		6469E5851FCFA9D200D91357 /* libprivatedata-tvOS.a */ = {
			isa = PBXReferenceProxy;
			fileType = archive.ar;
			path = "libprivatedata-tvOS.a";
			remoteRef = 6469E5841FCFA9D200D91357 /* PBXContainerItemProxy */;
			sourceTree = BUILT_PRODUCTS_DIR;
		};
		6469E60C1FCFB75600D91357 /* libjsinspector.a */ = {
			isa = PBXReferenceProxy;
			fileType = archive.ar;
			path = libjsinspector.a;
			remoteRef = 6469E60B1FCFB75600D91357 /* PBXContainerItemProxy */;
			sourceTree = BUILT_PRODUCTS_DIR;
		};
		6469E60E1FCFB75600D91357 /* libjsinspector-tvOS.a */ = {
			isa = PBXReferenceProxy;
			fileType = archive.ar;
			path = "libjsinspector-tvOS.a";
			remoteRef = 6469E60D1FCFB75600D91357 /* PBXContainerItemProxy */;
			sourceTree = BUILT_PRODUCTS_DIR;
		};
/* End PBXReferenceProxy section */

/* Begin PBXSourcesBuildPhase section */
		6469E50B1FCFA81F00D91357 /* Sources */ = {
			isa = PBXSourcesBuildPhase;
			buildActionMask = 2147483647;
			files = (
				64864D941FE7810B00966D50 /* RCTConvert+SangforVpn.m in Sources */,
				6469E5141FCFA81F00D91357 /* RNSangforVpn.m in Sources */,
			);
			runOnlyForDeploymentPostprocessing = 0;
		};
/* End PBXSourcesBuildPhase section */

/* Begin PBXTargetDependency section */
		6469E5891FCFABEF00D91357 /* PBXTargetDependency */ = {
			isa = PBXTargetDependency;
			name = React;
			targetProxy = 6469E5881FCFABEF00D91357 /* PBXContainerItemProxy */;
		};
/* End PBXTargetDependency section */

/* Begin XCBuildConfiguration section */
		6469E5161FCFA81F00D91357 /* Debug */ = {
			isa = XCBuildConfiguration;
			buildSettings = {
				ALWAYS_SEARCH_USER_PATHS = NO;
				CLANG_ANALYZER_NONNULL = YES;
				CLANG_ANALYZER_NUMBER_OBJECT_CONVERSION = YES_AGGRESSIVE;
				CLANG_CXX_LANGUAGE_STANDARD = "gnu++14";
				CLANG_CXX_LIBRARY = "libc++";
				CLANG_ENABLE_MODULES = YES;
				CLANG_ENABLE_OBJC_ARC = YES;
				CLANG_WARN_BLOCK_CAPTURE_AUTORELEASING = YES;
				CLANG_WARN_BOOL_CONVERSION = YES;
				CLANG_WARN_COMMA = YES;
				CLANG_WARN_CONSTANT_CONVERSION = YES;
				CLANG_WARN_DIRECT_OBJC_ISA_USAGE = YES_ERROR;
				CLANG_WARN_DOCUMENTATION_COMMENTS = YES;
				CLANG_WARN_EMPTY_BODY = YES;
				CLANG_WARN_ENUM_CONVERSION = YES;
				CLANG_WARN_INFINITE_RECURSION = YES;
				CLANG_WARN_INT_CONVERSION = YES;
				CLANG_WARN_NON_LITERAL_NULL_CONVERSION = YES;
				CLANG_WARN_OBJC_LITERAL_CONVERSION = YES;
				CLANG_WARN_OBJC_ROOT_CLASS = YES_ERROR;
				CLANG_WARN_RANGE_LOOP_ANALYSIS = YES;
				CLANG_WARN_STRICT_PROTOTYPES = YES;
				CLANG_WARN_SUSPICIOUS_MOVE = YES;
				CLANG_WARN_UNGUARDED_AVAILABILITY = YES_AGGRESSIVE;
				CLANG_WARN_UNREACHABLE_CODE = YES;
				CLANG_WARN__DUPLICATE_METHOD_MATCH = YES;
				CODE_SIGN_IDENTITY = "iPhone Developer";
				COPY_PHASE_STRIP = NO;
				DEBUG_INFORMATION_FORMAT = dwarf;
				ENABLE_STRICT_OBJC_MSGSEND = YES;
				ENABLE_TESTABILITY = YES;
				GCC_C_LANGUAGE_STANDARD = gnu11;
				GCC_DYNAMIC_NO_PIC = NO;
				GCC_NO_COMMON_BLOCKS = YES;
				GCC_OPTIMIZATION_LEVEL = 0;
				GCC_PREPROCESSOR_DEFINITIONS = (
					"DEBUG=1",
					"$(inherited)",
				);
				GCC_WARN_64_TO_32_BIT_CONVERSION = YES;
				GCC_WARN_ABOUT_RETURN_TYPE = YES_ERROR;
				GCC_WARN_UNDECLARED_SELECTOR = YES;
				GCC_WARN_UNINITIALIZED_AUTOS = YES_AGGRESSIVE;
				GCC_WARN_UNUSED_FUNCTION = YES;
				GCC_WARN_UNUSED_VARIABLE = YES;
				IPHONEOS_DEPLOYMENT_TARGET = 9.0;
				MTL_ENABLE_DEBUG_INFO = YES;
				ONLY_ACTIVE_ARCH = YES;
				SDKROOT = iphoneos;
			};
			name = Debug;
		};
		6469E5171FCFA81F00D91357 /* Release */ = {
			isa = XCBuildConfiguration;
			buildSettings = {
				ALWAYS_SEARCH_USER_PATHS = NO;
				CLANG_ANALYZER_NONNULL = YES;
				CLANG_ANALYZER_NUMBER_OBJECT_CONVERSION = YES_AGGRESSIVE;
				CLANG_CXX_LANGUAGE_STANDARD = "gnu++14";
				CLANG_CXX_LIBRARY = "libc++";
				CLANG_ENABLE_MODULES = YES;
				CLANG_ENABLE_OBJC_ARC = YES;
				CLANG_WARN_BLOCK_CAPTURE_AUTORELEASING = YES;
				CLANG_WARN_BOOL_CONVERSION = YES;
				CLANG_WARN_COMMA = YES;
				CLANG_WARN_CONSTANT_CONVERSION = YES;
				CLANG_WARN_DIRECT_OBJC_ISA_USAGE = YES_ERROR;
				CLANG_WARN_DOCUMENTATION_COMMENTS = YES;
				CLANG_WARN_EMPTY_BODY = YES;
				CLANG_WARN_ENUM_CONVERSION = YES;
				CLANG_WARN_INFINITE_RECURSION = YES;
				CLANG_WARN_INT_CONVERSION = YES;
				CLANG_WARN_NON_LITERAL_NULL_CONVERSION = YES;
				CLANG_WARN_OBJC_LITERAL_CONVERSION = YES;
				CLANG_WARN_OBJC_ROOT_CLASS = YES_ERROR;
				CLANG_WARN_RANGE_LOOP_ANALYSIS = YES;
				CLANG_WARN_STRICT_PROTOTYPES = YES;
				CLANG_WARN_SUSPICIOUS_MOVE = YES;
				CLANG_WARN_UNGUARDED_AVAILABILITY = YES_AGGRESSIVE;
				CLANG_WARN_UNREACHABLE_CODE = YES;
				CLANG_WARN__DUPLICATE_METHOD_MATCH = YES;
				CODE_SIGN_IDENTITY = "iPhone Developer";
				COPY_PHASE_STRIP = NO;
				DEBUG_INFORMATION_FORMAT = "dwarf-with-dsym";
				ENABLE_NS_ASSERTIONS = NO;
				ENABLE_STRICT_OBJC_MSGSEND = YES;
				GCC_C_LANGUAGE_STANDARD = gnu11;
				GCC_NO_COMMON_BLOCKS = YES;
				GCC_WARN_64_TO_32_BIT_CONVERSION = YES;
				GCC_WARN_ABOUT_RETURN_TYPE = YES_ERROR;
				GCC_WARN_UNDECLARED_SELECTOR = YES;
				GCC_WARN_UNINITIALIZED_AUTOS = YES_AGGRESSIVE;
				GCC_WARN_UNUSED_FUNCTION = YES;
				GCC_WARN_UNUSED_VARIABLE = YES;
				IPHONEOS_DEPLOYMENT_TARGET = 9.0;
				MTL_ENABLE_DEBUG_INFO = NO;
				SDKROOT = iphoneos;
				VALIDATE_PRODUCT = YES;
			};
			name = Release;
		};
		6469E5191FCFA81F00D91357 /* Debug */ = {
			isa = XCBuildConfiguration;
			buildSettings = {
				CODE_SIGN_STYLE = Automatic;
				HEADER_SEARCH_PATHS = "$(SRCROOT)/../../../react-native/React/**";
				LIBRARY_SEARCH_PATHS = (
					"$(inherited)",
					"$(PROJECT_DIR)",
					"$(PROJECT_DIR)/SangforSdk",
				);
				OTHER_LDFLAGS = "-ObjC";
				PRODUCT_NAME = "$(TARGET_NAME)";
				SKIP_INSTALL = YES;
				TARGETED_DEVICE_FAMILY = "1,2";
			};
			name = Debug;
		};
		6469E51A1FCFA81F00D91357 /* Release */ = {
			isa = XCBuildConfiguration;
			buildSettings = {
				CODE_SIGN_STYLE = Automatic;
				HEADER_SEARCH_PATHS = "$(SRCROOT)/../../../react-native/React/**";
				LIBRARY_SEARCH_PATHS = (
					"$(inherited)",
					"$(PROJECT_DIR)",
					"$(PROJECT_DIR)/SangforSdk",
				);
				OTHER_LDFLAGS = "-ObjC";
				PRODUCT_NAME = "$(TARGET_NAME)";
				SKIP_INSTALL = YES;
				TARGETED_DEVICE_FAMILY = "1,2";
			};
			name = Release;
		};
/* End XCBuildConfiguration section */

/* Begin XCConfigurationList section */
		6469E50A1FCFA81F00D91357 /* Build configuration list for PBXProject "RNSangforVpn" */ = {
			isa = XCConfigurationList;
			buildConfigurations = (
				6469E5161FCFA81F00D91357 /* Debug */,
				6469E5171FCFA81F00D91357 /* Release */,
			);
			defaultConfigurationIsVisible = 0;
			defaultConfigurationName = Release;
		};
		6469E5181FCFA81F00D91357 /* Build configuration list for PBXNativeTarget "RNSangforVpn" */ = {
			isa = XCConfigurationList;
			buildConfigurations = (
				6469E5191FCFA81F00D91357 /* Debug */,
				6469E51A1FCFA81F00D91357 /* Release */,
			);
			defaultConfigurationIsVisible = 0;
			defaultConfigurationName = Release;
		};
/* End XCConfigurationList section */
	};
	rootObject = 6469E5071FCFA81F00D91357 /* Project object */;
}
